// !$*UTF8*$!
{
	archiveVersion = 1;
	classes = {
	};
	objectVersion = 46;
	objects = {

/* Begin PBXBuildFile section */
		8111EBB316DDB12D00A3BC9B /* SettingsViewController.m in Sources */ = {isa = PBXBuildFile; fileRef = 8111EBB116DDB12D00A3BC9B /* SettingsViewController.m */; };
		8111EBB416DDB12D00A3BC9B /* SettingsViewController.xib in Resources */ = {isa = PBXBuildFile; fileRef = 8111EBB216DDB12D00A3BC9B /* SettingsViewController.xib */; };
		8111EBB616DDB14800A3BC9B /* SettingsViewController.m in Sources */ = {isa = PBXBuildFile; fileRef = 8111EBB116DDB12D00A3BC9B /* SettingsViewController.m */; };
		8111EBBD16DDC75B00A3BC9B /* SettingsGearTab.png in Resources */ = {isa = PBXBuildFile; fileRef = 8111EBBB16DDC75B00A3BC9B /* SettingsGearTab.png */; };
		8111EBBE16DDC75B00A3BC9B /* SettingsGearTab@2x.png in Resources */ = {isa = PBXBuildFile; fileRef = 8111EBBC16DDC75B00A3BC9B /* SettingsGearTab@2x.png */; };
		815936EC1468D27100D74860 /* Settings.bundle in Resources */ = {isa = PBXBuildFile; fileRef = 815936EB1468D27100D74860 /* Settings.bundle */; };
		816B9685148AD4370021D539 /* Quickpace.xcdatamodeld in Sources */ = {isa = PBXBuildFile; fileRef = 81D4DA8D1468B72A00BA965E /* Quickpace.xcdatamodeld */; };
		816B9690148D64910021D539 /* RunDetailViewController.m in Sources */ = {isa = PBXBuildFile; fileRef = 816B968E148D64910021D539 /* RunDetailViewController.m */; };
		816B9691148D64910021D539 /* RunDetailViewController.m in Sources */ = {isa = PBXBuildFile; fileRef = 816B968E148D64910021D539 /* RunDetailViewController.m */; };
		816B9692148D64910021D539 /* RunDetailViewController.xib in Resources */ = {isa = PBXBuildFile; fileRef = 816B968F148D64910021D539 /* RunDetailViewController.xib */; };
		816B9693148D64910021D539 /* RunDetailViewController.xib in Resources */ = {isa = PBXBuildFile; fileRef = 816B968F148D64910021D539 /* RunDetailViewController.xib */; };
		8172887C1675A36B0018C07C /* iRate.bundle in Resources */ = {isa = PBXBuildFile; fileRef = 817288791675A36B0018C07C /* iRate.bundle */; };
		8172887D1675A36B0018C07C /* iRate.m in Sources */ = {isa = PBXBuildFile; fileRef = 8172887B1675A36B0018C07C /* iRate.m */; };
		817288801675A40E0018C07C /* StoreKit.framework in Frameworks */ = {isa = PBXBuildFile; fileRef = 8172887F1675A40E0018C07C /* StoreKit.framework */; };
		8188C41C1487E5B4008E6A30 /* HistoryViewController.m in Sources */ = {isa = PBXBuildFile; fileRef = 8188C41A1487E5B4008E6A30 /* HistoryViewController.m */; };
		8188C41D1487E5B4008E6A30 /* HistoryViewController.m in Sources */ = {isa = PBXBuildFile; fileRef = 8188C41A1487E5B4008E6A30 /* HistoryViewController.m */; };
		8188C41E1487E5B4008E6A30 /* HistoryViewController.xib in Resources */ = {isa = PBXBuildFile; fileRef = 8188C41B1487E5B4008E6A30 /* HistoryViewController.xib */; };
		8188C41F1487E5B4008E6A30 /* HistoryViewController.xib in Resources */ = {isa = PBXBuildFile; fileRef = 8188C41B1487E5B4008E6A30 /* HistoryViewController.xib */; };
		8188C44C14896D6E008E6A30 /* Run.m in Sources */ = {isa = PBXBuildFile; fileRef = 8188C44B14896D6E008E6A30 /* Run.m */; };
		8188C44D14896D6E008E6A30 /* Run.m in Sources */ = {isa = PBXBuildFile; fileRef = 8188C44B14896D6E008E6A30 /* Run.m */; };
		81AE4F6C166A941700069658 /* libFlurry.a in Frameworks */ = {isa = PBXBuildFile; fileRef = 81AE4F6B166A941700069658 /* libFlurry.a */; };
		81AE4F78166A9FD600069658 /* SystemConfiguration.framework in Frameworks */ = {isa = PBXBuildFile; fileRef = 81AE4F77166A9FD600069658 /* SystemConfiguration.framework */; };
		81BB527F14943D9B0023BDF3 /* result-box-dark-inner-glow.png in Resources */ = {isa = PBXBuildFile; fileRef = 81BB527E14943D9B0023BDF3 /* result-box-dark-inner-glow.png */; };
		81D4DA7A1468B72A00BA965E /* UIKit.framework in Frameworks */ = {isa = PBXBuildFile; fileRef = 81D4DA791468B72A00BA965E /* UIKit.framework */; };
		81D4DA7C1468B72A00BA965E /* Foundation.framework in Frameworks */ = {isa = PBXBuildFile; fileRef = 81D4DA7B1468B72A00BA965E /* Foundation.framework */; };
		81D4DA7E1468B72A00BA965E /* CoreGraphics.framework in Frameworks */ = {isa = PBXBuildFile; fileRef = 81D4DA7D1468B72A00BA965E /* CoreGraphics.framework */; };
		81D4DA801468B72A00BA965E /* CoreData.framework in Frameworks */ = {isa = PBXBuildFile; fileRef = 81D4DA7F1468B72A00BA965E /* CoreData.framework */; };
		81D4DA861468B72A00BA965E /* InfoPlist.strings in Resources */ = {isa = PBXBuildFile; fileRef = 81D4DA841468B72A00BA965E /* InfoPlist.strings */; };
		81D4DA881468B72A00BA965E /* main.m in Sources */ = {isa = PBXBuildFile; fileRef = 81D4DA871468B72A00BA965E /* main.m */; };
		81D4DA8C1468B72A00BA965E /* AppDelegate.m in Sources */ = {isa = PBXBuildFile; fileRef = 81D4DA8B1468B72A00BA965E /* AppDelegate.m */; };
		81D4DA8F1468B72A00BA965E /* Quickpace.xcdatamodeld in Sources */ = {isa = PBXBuildFile; fileRef = 81D4DA8D1468B72A00BA965E /* Quickpace.xcdatamodeld */; };
		81D4DA921468B72A00BA965E /* MainViewController.m in Sources */ = {isa = PBXBuildFile; fileRef = 81D4DA911468B72A00BA965E /* MainViewController.m */; };
		81D4DA981468B72A00BA965E /* MainViewController.xib in Resources */ = {isa = PBXBuildFile; fileRef = 81D4DA961468B72A00BA965E /* MainViewController.xib */; };
		81D4DAA31468B72A00BA965E /* SenTestingKit.framework in Frameworks */ = {isa = PBXBuildFile; fileRef = 81D4DAA21468B72A00BA965E /* SenTestingKit.framework */; };
		81D4DAA41468B72A00BA965E /* UIKit.framework in Frameworks */ = {isa = PBXBuildFile; fileRef = 81D4DA791468B72A00BA965E /* UIKit.framework */; };
		81D4DAA51468B72A00BA965E /* Foundation.framework in Frameworks */ = {isa = PBXBuildFile; fileRef = 81D4DA7B1468B72A00BA965E /* Foundation.framework */; };
		81D4DAA61468B72A00BA965E /* CoreData.framework in Frameworks */ = {isa = PBXBuildFile; fileRef = 81D4DA7F1468B72A00BA965E /* CoreData.framework */; };
		81D4DAAE1468B72A00BA965E /* InfoPlist.strings in Resources */ = {isa = PBXBuildFile; fileRef = 81D4DAAC1468B72A00BA965E /* InfoPlist.strings */; };
		81D4DAB11468B72A00BA965E /* QuickpaceTests.m in Sources */ = {isa = PBXBuildFile; fileRef = 81D4DAB01468B72A00BA965E /* QuickpaceTests.m */; };
		81D4DAD51468BC9300BA965E /* FirstTimeSettingsMessage.png in Resources */ = {isa = PBXBuildFile; fileRef = 81D4DAC61468BC9300BA965E /* FirstTimeSettingsMessage.png */; };
		81D4DADE1468BC9300BA965E /* quickpace gold button down.png in Resources */ = {isa = PBXBuildFile; fileRef = 81D4DACF1468BC9300BA965E /* quickpace gold button down.png */; };
		81D4DADF1468BC9300BA965E /* quickpace gold button up.png in Resources */ = {isa = PBXBuildFile; fileRef = 81D4DAD01468BC9300BA965E /* quickpace gold button up.png */; };
		81D4DAEA1468BFB800BA965E /* EffectsManager.m in Sources */ = {isa = PBXBuildFile; fileRef = 81D4DAE31468BFB800BA965E /* EffectsManager.m */; };
		81D4DAEB1468BFB800BA965E /* RunStatsCalculator.m in Sources */ = {isa = PBXBuildFile; fileRef = 81D4DAE51468BFB800BA965E /* RunStatsCalculator.m */; };
		81D4DAEC1468BFB800BA965E /* SettingsManager.m in Sources */ = {isa = PBXBuildFile; fileRef = 81D4DAE71468BFB800BA965E /* SettingsManager.m */; };
		81D4DAED1468BFB800BA965E /* UnitConverter.m in Sources */ = {isa = PBXBuildFile; fileRef = 81D4DAE91468BFB800BA965E /* UnitConverter.m */; };
		81D4DAEE1468BFD600BA965E /* EffectsManager.m in Sources */ = {isa = PBXBuildFile; fileRef = 81D4DAE31468BFB800BA965E /* EffectsManager.m */; };
		81D4DAEF1468BFD600BA965E /* RunStatsCalculator.m in Sources */ = {isa = PBXBuildFile; fileRef = 81D4DAE51468BFB800BA965E /* RunStatsCalculator.m */; };
		81D4DAF01468BFD600BA965E /* SettingsManager.m in Sources */ = {isa = PBXBuildFile; fileRef = 81D4DAE71468BFB800BA965E /* SettingsManager.m */; };
		81D4DAF11468BFD600BA965E /* UnitConverter.m in Sources */ = {isa = PBXBuildFile; fileRef = 81D4DAE91468BFB800BA965E /* UnitConverter.m */; };
		81D4DAF21468BFD600BA965E /* AppDelegate.m in Sources */ = {isa = PBXBuildFile; fileRef = 81D4DA8B1468B72A00BA965E /* AppDelegate.m */; };
		81D4DAF31468BFD600BA965E /* MainViewController.m in Sources */ = {isa = PBXBuildFile; fileRef = 81D4DA911468B72A00BA965E /* MainViewController.m */; };
		81D81C5716E1AD6600F76FBA /* ShareText.m in Sources */ = {isa = PBXBuildFile; fileRef = 81D81C5616E1AD6600F76FBA /* ShareText.m */; };
		81D81C5816E1AD6600F76FBA /* ShareText.m in Sources */ = {isa = PBXBuildFile; fileRef = 81D81C5616E1AD6600F76FBA /* ShareText.m */; };
		81EA23A816E062F1009A34EE /* Default-568h@2x.png in Resources */ = {isa = PBXBuildFile; fileRef = 81EA23A716E062F1009A34EE /* Default-568h@2x.png */; };
		81EA23AB16E062FE009A34EE /* Default.png in Resources */ = {isa = PBXBuildFile; fileRef = 81EA23A916E062FE009A34EE /* Default.png */; };
		81EA23AC16E062FE009A34EE /* Default@2x.png in Resources */ = {isa = PBXBuildFile; fileRef = 81EA23AA16E062FE009A34EE /* Default@2x.png */; };
		81EA23B516E06332009A34EE /* Icon-72.png in Resources */ = {isa = PBXBuildFile; fileRef = 81EA23AD16E06332009A34EE /* Icon-72.png */; };
		81EA23B616E06332009A34EE /* Icon-72@2x.png in Resources */ = {isa = PBXBuildFile; fileRef = 81EA23AE16E06332009A34EE /* Icon-72@2x.png */; };
		81EA23B716E06332009A34EE /* Icon-Small-50.png in Resources */ = {isa = PBXBuildFile; fileRef = 81EA23AF16E06332009A34EE /* Icon-Small-50.png */; };
		81EA23B816E06332009A34EE /* Icon-Small-50@2x.png in Resources */ = {isa = PBXBuildFile; fileRef = 81EA23B016E06332009A34EE /* Icon-Small-50@2x.png */; };
		81EA23B916E06332009A34EE /* Icon-Small.png in Resources */ = {isa = PBXBuildFile; fileRef = 81EA23B116E06332009A34EE /* Icon-Small.png */; };
		81EA23BA16E06332009A34EE /* Icon-Small@2x.png in Resources */ = {isa = PBXBuildFile; fileRef = 81EA23B216E06332009A34EE /* Icon-Small@2x.png */; };
		81EA23BB16E06332009A34EE /* Icon.png in Resources */ = {isa = PBXBuildFile; fileRef = 81EA23B316E06332009A34EE /* Icon.png */; };
		81EA23BC16E06332009A34EE /* Icon@2x.png in Resources */ = {isa = PBXBuildFile; fileRef = 81EA23B416E06332009A34EE /* Icon@2x.png */; };
		81EA23BF16E06362009A34EE /* Calculator-icon.png in Resources */ = {isa = PBXBuildFile; fileRef = 81EA23BD16E06362009A34EE /* Calculator-icon.png */; };
		81EA23C016E06362009A34EE /* Calculator-icon@2x.png in Resources */ = {isa = PBXBuildFile; fileRef = 81EA23BE16E06362009A34EE /* Calculator-icon@2x.png */; };
		81EA23C316E06386009A34EE /* qp-name.png in Resources */ = {isa = PBXBuildFile; fileRef = 81EA23C116E06385009A34EE /* qp-name.png */; };
		81EA23C416E06386009A34EE /* qp-pro-main-bg.png in Resources */ = {isa = PBXBuildFile; fileRef = 81EA23C216E06386009A34EE /* qp-pro-main-bg.png */; };
		81EA23C816E063A4009A34EE /* share-icon-glowing.png in Resources */ = {isa = PBXBuildFile; fileRef = 81EA23C516E063A4009A34EE /* share-icon-glowing.png */; };
		81EA23C916E063A4009A34EE /* share-icon.png in Resources */ = {isa = PBXBuildFile; fileRef = 81EA23C616E063A4009A34EE /* share-icon.png */; };
		81EA23CA16E063A4009A34EE /* Treadmill-flip-1136.png in Resources */ = {isa = PBXBuildFile; fileRef = 81EA23C716E063A4009A34EE /* Treadmill-flip-1136.png */; };
/* End PBXBuildFile section */

/* Begin PBXContainerItemProxy section */
		81D4DAA71468B72A00BA965E /* PBXContainerItemProxy */ = {
			isa = PBXContainerItemProxy;
			containerPortal = 81D4DA6C1468B72A00BA965E /* Project object */;
			proxyType = 1;
			remoteGlobalIDString = 81D4DA741468B72A00BA965E;
			remoteInfo = Quickpace;
		};
/* End PBXContainerItemProxy section */

/* Begin PBXFileReference section */
		8111EBB016DDB12C00A3BC9B /* SettingsViewController.h */ = {isa = PBXFileReference; fileEncoding = 4; lastKnownFileType = sourcecode.c.h; path = SettingsViewController.h; sourceTree = "<group>"; };
		8111EBB116DDB12D00A3BC9B /* SettingsViewController.m */ = {isa = PBXFileReference; fileEncoding = 4; lastKnownFileType = sourcecode.c.objc; path = SettingsViewController.m; sourceTree = "<group>"; };
		8111EBB216DDB12D00A3BC9B /* SettingsViewController.xib */ = {isa = PBXFileReference; fileEncoding = 4; lastKnownFileType = file.xib; path = SettingsViewController.xib; sourceTree = "<group>"; };
		8111EBBB16DDC75B00A3BC9B /* SettingsGearTab.png */ = {isa = PBXFileReference; lastKnownFileType = image.png; path = SettingsGearTab.png; sourceTree = "<group>"; };
		8111EBBC16DDC75B00A3BC9B /* SettingsGearTab@2x.png */ = {isa = PBXFileReference; lastKnownFileType = image.png; path = "SettingsGearTab@2x.png"; sourceTree = "<group>"; };
		8115E45E16880EF10014E756 /* Quickpace 2.xcdatamodel */ = {isa = PBXFileReference; lastKnownFileType = wrapper.xcdatamodel; path = "Quickpace 2.xcdatamodel"; sourceTree = "<group>"; };
		815936EB1468D27100D74860 /* Settings.bundle */ = {isa = PBXFileReference; lastKnownFileType = "wrapper.plug-in"; path = Settings.bundle; sourceTree = SOURCE_ROOT; };
		816B968D148D64910021D539 /* RunDetailViewController.h */ = {isa = PBXFileReference; fileEncoding = 4; lastKnownFileType = sourcecode.c.h; path = RunDetailViewController.h; sourceTree = "<group>"; };
		816B968E148D64910021D539 /* RunDetailViewController.m */ = {isa = PBXFileReference; fileEncoding = 4; lastKnownFileType = sourcecode.c.objc; path = RunDetailViewController.m; sourceTree = "<group>"; };
		816B968F148D64910021D539 /* RunDetailViewController.xib */ = {isa = PBXFileReference; fileEncoding = 4; lastKnownFileType = file.xib; path = RunDetailViewController.xib; sourceTree = "<group>"; };
		817288791675A36B0018C07C /* iRate.bundle */ = {isa = PBXFileReference; lastKnownFileType = "wrapper.plug-in"; path = iRate.bundle; sourceTree = "<group>"; };
		8172887A1675A36B0018C07C /* iRate.h */ = {isa = PBXFileReference; fileEncoding = 4; lastKnownFileType = sourcecode.c.h; path = iRate.h; sourceTree = "<group>"; };
		8172887B1675A36B0018C07C /* iRate.m */ = {isa = PBXFileReference; fileEncoding = 4; lastKnownFileType = sourcecode.c.objc; path = iRate.m; sourceTree = "<group>"; };
		8172887F1675A40E0018C07C /* StoreKit.framework */ = {isa = PBXFileReference; lastKnownFileType = wrapper.framework; name = StoreKit.framework; path = System/Library/Frameworks/StoreKit.framework; sourceTree = SDKROOT; };
		8188C4191487E5B4008E6A30 /* HistoryViewController.h */ = {isa = PBXFileReference; fileEncoding = 4; lastKnownFileType = sourcecode.c.h; path = HistoryViewController.h; sourceTree = "<group>"; };
		8188C41A1487E5B4008E6A30 /* HistoryViewController.m */ = {isa = PBXFileReference; fileEncoding = 4; lastKnownFileType = sourcecode.c.objc; path = HistoryViewController.m; sourceTree = "<group>"; };
		8188C41B1487E5B4008E6A30 /* HistoryViewController.xib */ = {isa = PBXFileReference; fileEncoding = 4; lastKnownFileType = file.xib; path = HistoryViewController.xib; sourceTree = "<group>"; };
		8188C44A14896D6E008E6A30 /* Run.h */ = {isa = PBXFileReference; fileEncoding = 4; lastKnownFileType = sourcecode.c.h; path = Run.h; sourceTree = "<group>"; };
		8188C44B14896D6E008E6A30 /* Run.m */ = {isa = PBXFileReference; fileEncoding = 4; lastKnownFileType = sourcecode.c.objc; path = Run.m; sourceTree = "<group>"; };
		81AE4F6A166A941700069658 /* Flurry.h */ = {isa = PBXFileReference; fileEncoding = 4; lastKnownFileType = sourcecode.c.h; path = Flurry.h; sourceTree = "<group>"; };
		81AE4F6B166A941700069658 /* libFlurry.a */ = {isa = PBXFileReference; lastKnownFileType = archive.ar; path = libFlurry.a; sourceTree = "<group>"; };
		81AE4F77166A9FD600069658 /* SystemConfiguration.framework */ = {isa = PBXFileReference; lastKnownFileType = wrapper.framework; name = SystemConfiguration.framework; path = System/Library/Frameworks/SystemConfiguration.framework; sourceTree = SDKROOT; };
		81BB527E14943D9B0023BDF3 /* result-box-dark-inner-glow.png */ = {isa = PBXFileReference; lastKnownFileType = image.png; name = "result-box-dark-inner-glow.png"; path = "../result-box-dark-inner-glow.png"; sourceTree = "<group>"; };
		81D4DA751468B72A00BA965E /* QuickpacePro.app */ = {isa = PBXFileReference; explicitFileType = wrapper.application; includeInIndex = 0; path = QuickpacePro.app; sourceTree = BUILT_PRODUCTS_DIR; };
		81D4DA791468B72A00BA965E /* UIKit.framework */ = {isa = PBXFileReference; lastKnownFileType = wrapper.framework; name = UIKit.framework; path = System/Library/Frameworks/UIKit.framework; sourceTree = SDKROOT; };
		81D4DA7B1468B72A00BA965E /* Foundation.framework */ = {isa = PBXFileReference; lastKnownFileType = wrapper.framework; name = Foundation.framework; path = System/Library/Frameworks/Foundation.framework; sourceTree = SDKROOT; };
		81D4DA7D1468B72A00BA965E /* CoreGraphics.framework */ = {isa = PBXFileReference; lastKnownFileType = wrapper.framework; name = CoreGraphics.framework; path = System/Library/Frameworks/CoreGraphics.framework; sourceTree = SDKROOT; };
		81D4DA7F1468B72A00BA965E /* CoreData.framework */ = {isa = PBXFileReference; lastKnownFileType = wrapper.framework; name = CoreData.framework; path = System/Library/Frameworks/CoreData.framework; sourceTree = SDKROOT; };
		81D4DA831468B72A00BA965E /* Quickpace-Info.plist */ = {isa = PBXFileReference; lastKnownFileType = text.plist.xml; path = "Quickpace-Info.plist"; sourceTree = "<group>"; };
		81D4DA851468B72A00BA965E /* en */ = {isa = PBXFileReference; lastKnownFileType = text.plist.strings; name = en; path = en.lproj/InfoPlist.strings; sourceTree = "<group>"; };
		81D4DA871468B72A00BA965E /* main.m */ = {isa = PBXFileReference; lastKnownFileType = sourcecode.c.objc; path = main.m; sourceTree = "<group>"; };
		81D4DA891468B72A00BA965E /* Quickpace-Prefix.pch */ = {isa = PBXFileReference; lastKnownFileType = sourcecode.c.h; path = "Quickpace-Prefix.pch"; sourceTree = "<group>"; };
		81D4DA8A1468B72A00BA965E /* AppDelegate.h */ = {isa = PBXFileReference; lastKnownFileType = sourcecode.c.h; path = AppDelegate.h; sourceTree = "<group>"; };
		81D4DA8B1468B72A00BA965E /* AppDelegate.m */ = {isa = PBXFileReference; lastKnownFileType = sourcecode.c.objc; path = AppDelegate.m; sourceTree = "<group>"; };
		81D4DA8E1468B72A00BA965E /* Quickpace.xcdatamodel */ = {isa = PBXFileReference; lastKnownFileType = wrapper.xcdatamodel; path = Quickpace.xcdatamodel; sourceTree = "<group>"; };
		81D4DA901468B72A00BA965E /* MainViewController.h */ = {isa = PBXFileReference; lastKnownFileType = sourcecode.c.h; path = MainViewController.h; sourceTree = "<group>"; };
		81D4DA911468B72A00BA965E /* MainViewController.m */ = {isa = PBXFileReference; lastKnownFileType = sourcecode.c.objc; path = MainViewController.m; sourceTree = "<group>"; };
		81D4DA971468B72A00BA965E /* en */ = {isa = PBXFileReference; lastKnownFileType = file.xib; name = en; path = en.lproj/MainViewController.xib; sourceTree = "<group>"; };
		81D4DAA11468B72A00BA965E /* QuickpaceTests.octest */ = {isa = PBXFileReference; explicitFileType = wrapper.cfbundle; includeInIndex = 0; path = QuickpaceTests.octest; sourceTree = BUILT_PRODUCTS_DIR; };
		81D4DAA21468B72A00BA965E /* SenTestingKit.framework */ = {isa = PBXFileReference; lastKnownFileType = wrapper.framework; name = SenTestingKit.framework; path = Library/Frameworks/SenTestingKit.framework; sourceTree = DEVELOPER_DIR; };
		81D4DAAB1468B72A00BA965E /* QuickpaceTests-Info.plist */ = {isa = PBXFileReference; lastKnownFileType = text.plist.xml; path = "QuickpaceTests-Info.plist"; sourceTree = "<group>"; };
		81D4DAAD1468B72A00BA965E /* en */ = {isa = PBXFileReference; lastKnownFileType = text.plist.strings; name = en; path = en.lproj/InfoPlist.strings; sourceTree = "<group>"; };
		81D4DAAF1468B72A00BA965E /* QuickpaceTests.h */ = {isa = PBXFileReference; lastKnownFileType = sourcecode.c.h; path = QuickpaceTests.h; sourceTree = "<group>"; };
		81D4DAB01468B72A00BA965E /* QuickpaceTests.m */ = {isa = PBXFileReference; lastKnownFileType = sourcecode.c.objc; path = QuickpaceTests.m; sourceTree = "<group>"; };
		81D4DAC61468BC9300BA965E /* FirstTimeSettingsMessage.png */ = {isa = PBXFileReference; lastKnownFileType = image.png; path = FirstTimeSettingsMessage.png; sourceTree = "<group>"; };
		81D4DACF1468BC9300BA965E /* quickpace gold button down.png */ = {isa = PBXFileReference; lastKnownFileType = image.png; path = "quickpace gold button down.png"; sourceTree = "<group>"; };
		81D4DAD01468BC9300BA965E /* quickpace gold button up.png */ = {isa = PBXFileReference; lastKnownFileType = image.png; path = "quickpace gold button up.png"; sourceTree = "<group>"; };
		81D4DAE21468BFB800BA965E /* EffectsManager.h */ = {isa = PBXFileReference; fileEncoding = 4; lastKnownFileType = sourcecode.c.h; path = EffectsManager.h; sourceTree = "<group>"; };
		81D4DAE31468BFB800BA965E /* EffectsManager.m */ = {isa = PBXFileReference; fileEncoding = 4; lastKnownFileType = sourcecode.c.objc; path = EffectsManager.m; sourceTree = "<group>"; };
		81D4DAE41468BFB800BA965E /* RunStatsCalculator.h */ = {isa = PBXFileReference; fileEncoding = 4; lastKnownFileType = sourcecode.c.h; path = RunStatsCalculator.h; sourceTree = "<group>"; };
		81D4DAE51468BFB800BA965E /* RunStatsCalculator.m */ = {isa = PBXFileReference; fileEncoding = 4; lastKnownFileType = sourcecode.c.objc; path = RunStatsCalculator.m; sourceTree = "<group>"; };
		81D4DAE61468BFB800BA965E /* SettingsManager.h */ = {isa = PBXFileReference; fileEncoding = 4; lastKnownFileType = sourcecode.c.h; path = SettingsManager.h; sourceTree = "<group>"; };
		81D4DAE71468BFB800BA965E /* SettingsManager.m */ = {isa = PBXFileReference; fileEncoding = 4; lastKnownFileType = sourcecode.c.objc; path = SettingsManager.m; sourceTree = "<group>"; };
		81D4DAE81468BFB800BA965E /* UnitConverter.h */ = {isa = PBXFileReference; fileEncoding = 4; lastKnownFileType = sourcecode.c.h; path = UnitConverter.h; sourceTree = "<group>"; };
		81D4DAE91468BFB800BA965E /* UnitConverter.m */ = {isa = PBXFileReference; fileEncoding = 4; lastKnownFileType = sourcecode.c.objc; path = UnitConverter.m; sourceTree = "<group>"; };
		81D81C5516E1AD6600F76FBA /* ShareText.h */ = {isa = PBXFileReference; fileEncoding = 4; lastKnownFileType = sourcecode.c.h; path = ShareText.h; sourceTree = "<group>"; };
		81D81C5616E1AD6600F76FBA /* ShareText.m */ = {isa = PBXFileReference; fileEncoding = 4; lastKnownFileType = sourcecode.c.objc; path = ShareText.m; sourceTree = "<group>"; };
		81EA23A716E062F1009A34EE /* Default-568h@2x.png */ = {isa = PBXFileReference; lastKnownFileType = image.png; path = "Default-568h@2x.png"; sourceTree = "<group>"; };
		81EA23A916E062FE009A34EE /* Default.png */ = {isa = PBXFileReference; lastKnownFileType = image.png; path = Default.png; sourceTree = "<group>"; };
		81EA23AA16E062FE009A34EE /* Default@2x.png */ = {isa = PBXFileReference; lastKnownFileType = image.png; path = "Default@2x.png"; sourceTree = "<group>"; };
		81EA23AD16E06332009A34EE /* Icon-72.png */ = {isa = PBXFileReference; lastKnownFileType = image.png; path = "Icon-72.png"; sourceTree = "<group>"; };
		81EA23AE16E06332009A34EE /* Icon-72@2x.png */ = {isa = PBXFileReference; lastKnownFileType = image.png; path = "Icon-72@2x.png"; sourceTree = "<group>"; };
		81EA23AF16E06332009A34EE /* Icon-Small-50.png */ = {isa = PBXFileReference; lastKnownFileType = image.png; path = "Icon-Small-50.png"; sourceTree = "<group>"; };
		81EA23B016E06332009A34EE /* Icon-Small-50@2x.png */ = {isa = PBXFileReference; lastKnownFileType = image.png; path = "Icon-Small-50@2x.png"; sourceTree = "<group>"; };
		81EA23B116E06332009A34EE /* Icon-Small.png */ = {isa = PBXFileReference; lastKnownFileType = image.png; path = "Icon-Small.png"; sourceTree = "<group>"; };
		81EA23B216E06332009A34EE /* Icon-Small@2x.png */ = {isa = PBXFileReference; lastKnownFileType = image.png; path = "Icon-Small@2x.png"; sourceTree = "<group>"; };
		81EA23B316E06332009A34EE /* Icon.png */ = {isa = PBXFileReference; lastKnownFileType = image.png; path = Icon.png; sourceTree = "<group>"; };
		81EA23B416E06332009A34EE /* Icon@2x.png */ = {isa = PBXFileReference; lastKnownFileType = image.png; path = "Icon@2x.png"; sourceTree = "<group>"; };
		81EA23BD16E06362009A34EE /* Calculator-icon.png */ = {isa = PBXFileReference; lastKnownFileType = image.png; path = "Calculator-icon.png"; sourceTree = "<group>"; };
		81EA23BE16E06362009A34EE /* Calculator-icon@2x.png */ = {isa = PBXFileReference; lastKnownFileType = image.png; path = "Calculator-icon@2x.png"; sourceTree = "<group>"; };
		81EA23C116E06385009A34EE /* qp-name.png */ = {isa = PBXFileReference; lastKnownFileType = image.png; path = "qp-name.png"; sourceTree = "<group>"; };
		81EA23C216E06386009A34EE /* qp-pro-main-bg.png */ = {isa = PBXFileReference; lastKnownFileType = image.png; path = "qp-pro-main-bg.png"; sourceTree = "<group>"; };
		81EA23C516E063A4009A34EE /* share-icon-glowing.png */ = {isa = PBXFileReference; lastKnownFileType = image.png; path = "share-icon-glowing.png"; sourceTree = "<group>"; };
		81EA23C616E063A4009A34EE /* share-icon.png */ = {isa = PBXFileReference; lastKnownFileType = image.png; path = "share-icon.png"; sourceTree = "<group>"; };
		81EA23C716E063A4009A34EE /* Treadmill-flip-1136.png */ = {isa = PBXFileReference; lastKnownFileType = image.png; path = "Treadmill-flip-1136.png"; sourceTree = "<group>"; };
/* End PBXFileReference section */

/* Begin PBXFrameworksBuildPhase section */
		81D4DA721468B72A00BA965E /* Frameworks */ = {
			isa = PBXFrameworksBuildPhase;
			buildActionMask = 2147483647;
			files = (
				817288801675A40E0018C07C /* StoreKit.framework in Frameworks */,
				81AE4F78166A9FD600069658 /* SystemConfiguration.framework in Frameworks */,
				81D4DA7A1468B72A00BA965E /* UIKit.framework in Frameworks */,
				81D4DA7C1468B72A00BA965E /* Foundation.framework in Frameworks */,
				81D4DA7E1468B72A00BA965E /* CoreGraphics.framework in Frameworks */,
				81D4DA801468B72A00BA965E /* CoreData.framework in Frameworks */,
				81AE4F6C166A941700069658 /* libFlurry.a in Frameworks */,
			);
			runOnlyForDeploymentPostprocessing = 0;
		};
		81D4DA9D1468B72A00BA965E /* Frameworks */ = {
			isa = PBXFrameworksBuildPhase;
			buildActionMask = 2147483647;
			files = (
				81D4DAA31468B72A00BA965E /* SenTestingKit.framework in Frameworks */,
				81D4DAA41468B72A00BA965E /* UIKit.framework in Frameworks */,
				81D4DAA51468B72A00BA965E /* Foundation.framework in Frameworks */,
				81D4DAA61468B72A00BA965E /* CoreData.framework in Frameworks */,
			);
			runOnlyForDeploymentPostprocessing = 0;
		};
/* End PBXFrameworksBuildPhase section */

/* Begin PBXGroup section */
		817288781675A36B0018C07C /* iRate */ = {
			isa = PBXGroup;
			children = (
				817288791675A36B0018C07C /* iRate.bundle */,
				8172887A1675A36B0018C07C /* iRate.h */,
				8172887B1675A36B0018C07C /* iRate.m */,
			);
			path = iRate;
			sourceTree = "<group>";
		};
		8188C4211487E5C6008E6A30 /* Nibs */ = {
			isa = PBXGroup;
			children = (
				816B968F148D64910021D539 /* RunDetailViewController.xib */,
				8188C41B1487E5B4008E6A30 /* HistoryViewController.xib */,
				81D4DA961468B72A00BA965E /* MainViewController.xib */,
				8111EBB216DDB12D00A3BC9B /* SettingsViewController.xib */,
			);
			name = Nibs;
			path = Quickpace;
			sourceTree = "<group>";
		};
		81AE4F69166A941700069658 /* Flurry */ = {
			isa = PBXGroup;
			children = (
				81AE4F6A166A941700069658 /* Flurry.h */,
				81AE4F6B166A941700069658 /* libFlurry.a */,
			);
			name = Flurry;
			path = Quickpace/Flurry;
			sourceTree = "<group>";
		};
		81D4DA6A1468B72A00BA965E = {
			isa = PBXGroup;
			children = (
				81D4DA811468B72A00BA965E /* Quickpace */,
				8188C4211487E5C6008E6A30 /* Nibs */,
				815936EB1468D27100D74860 /* Settings.bundle */,
				81D4DAA91468B72A00BA965E /* QuickpaceTests */,
				81D4DAC31468BC9300BA965E /* QuickpaceImages */,
				81AE4F69166A941700069658 /* Flurry */,
				817288781675A36B0018C07C /* iRate */,
				81D4DA781468B72A00BA965E /* Frameworks */,
				81D4DA761468B72A00BA965E /* Products */,
			);
			sourceTree = "<group>";
		};
		81D4DA761468B72A00BA965E /* Products */ = {
			isa = PBXGroup;
			children = (
				81D4DA751468B72A00BA965E /* QuickpacePro.app */,
				81D4DAA11468B72A00BA965E /* QuickpaceTests.octest */,
			);
			name = Products;
			sourceTree = "<group>";
		};
		81D4DA781468B72A00BA965E /* Frameworks */ = {
			isa = PBXGroup;
			children = (
				81AE4F77166A9FD600069658 /* SystemConfiguration.framework */,
				8172887F1675A40E0018C07C /* StoreKit.framework */,
				81D4DA791468B72A00BA965E /* UIKit.framework */,
				81D4DA7B1468B72A00BA965E /* Foundation.framework */,
				81D4DA7D1468B72A00BA965E /* CoreGraphics.framework */,
				81D4DA7F1468B72A00BA965E /* CoreData.framework */,
				81D4DAA21468B72A00BA965E /* SenTestingKit.framework */,
			);
			name = Frameworks;
			sourceTree = "<group>";
		};
		81D4DA811468B72A00BA965E /* Quickpace */ = {
			isa = PBXGroup;
			children = (
				81D4DAE21468BFB800BA965E /* EffectsManager.h */,
				81D4DAE31468BFB800BA965E /* EffectsManager.m */,
				81D4DAE41468BFB800BA965E /* RunStatsCalculator.h */,
				81D4DAE51468BFB800BA965E /* RunStatsCalculator.m */,
				81D4DAE61468BFB800BA965E /* SettingsManager.h */,
				81D4DAE71468BFB800BA965E /* SettingsManager.m */,
				81D4DAE81468BFB800BA965E /* UnitConverter.h */,
				81D4DAE91468BFB800BA965E /* UnitConverter.m */,
				81D81C5516E1AD6600F76FBA /* ShareText.h */,
				81D81C5616E1AD6600F76FBA /* ShareText.m */,
				81D4DA8A1468B72A00BA965E /* AppDelegate.h */,
				81D4DA8B1468B72A00BA965E /* AppDelegate.m */,
				81D4DA901468B72A00BA965E /* MainViewController.h */,
				81D4DA911468B72A00BA965E /* MainViewController.m */,
				8111EBB016DDB12C00A3BC9B /* SettingsViewController.h */,
				8111EBB116DDB12D00A3BC9B /* SettingsViewController.m */,
				8188C4191487E5B4008E6A30 /* HistoryViewController.h */,
				8188C41A1487E5B4008E6A30 /* HistoryViewController.m */,
				816B968D148D64910021D539 /* RunDetailViewController.h */,
				816B968E148D64910021D539 /* RunDetailViewController.m */,
				8188C44A14896D6E008E6A30 /* Run.h */,
				8188C44B14896D6E008E6A30 /* Run.m */,
				81D4DA821468B72A00BA965E /* Supporting Files */,
			);
			path = Quickpace;
			sourceTree = "<group>";
		};
		81D4DA821468B72A00BA965E /* Supporting Files */ = {
			isa = PBXGroup;
			children = (
				81D4DA8D1468B72A00BA965E /* Quickpace.xcdatamodeld */,
				81D4DA831468B72A00BA965E /* Quickpace-Info.plist */,
				81D4DA841468B72A00BA965E /* InfoPlist.strings */,
				81D4DA871468B72A00BA965E /* main.m */,
				81D4DA891468B72A00BA965E /* Quickpace-Prefix.pch */,
			);
			name = "Supporting Files";
			sourceTree = "<group>";
		};
		81D4DAA91468B72A00BA965E /* QuickpaceTests */ = {
			isa = PBXGroup;
			children = (
				81D4DAAF1468B72A00BA965E /* QuickpaceTests.h */,
				81D4DAB01468B72A00BA965E /* QuickpaceTests.m */,
				81D4DAAA1468B72A00BA965E /* Supporting Files */,
			);
			path = QuickpaceTests;
			sourceTree = "<group>";
		};
		81D4DAAA1468B72A00BA965E /* Supporting Files */ = {
			isa = PBXGroup;
			children = (
				81D4DAAB1468B72A00BA965E /* QuickpaceTests-Info.plist */,
				81D4DAAC1468B72A00BA965E /* InfoPlist.strings */,
			);
			name = "Supporting Files";
			sourceTree = "<group>";
		};
		81D4DAC31468BC9300BA965E /* QuickpaceImages */ = {
			isa = PBXGroup;
			children = (
				81EA23C116E06385009A34EE /* qp-name.png */,
				81EA23C216E06386009A34EE /* qp-pro-main-bg.png */,
				81EA23BD16E06362009A34EE /* Calculator-icon.png */,
				81EA23BE16E06362009A34EE /* Calculator-icon@2x.png */,
				81EA23C616E063A4009A34EE /* share-icon.png */,
				81EA23C516E063A4009A34EE /* share-icon-glowing.png */,
				81EA23C716E063A4009A34EE /* Treadmill-flip-1136.png */,
				81EA23AD16E06332009A34EE /* Icon-72.png */,
				81EA23AE16E06332009A34EE /* Icon-72@2x.png */,
				81EA23AF16E06332009A34EE /* Icon-Small-50.png */,
				81EA23B016E06332009A34EE /* Icon-Small-50@2x.png */,
				81EA23B116E06332009A34EE /* Icon-Small.png */,
				81EA23B216E06332009A34EE /* Icon-Small@2x.png */,
				81EA23B316E06332009A34EE /* Icon.png */,
				81EA23B416E06332009A34EE /* Icon@2x.png */,
				81EA23A916E062FE009A34EE /* Default.png */,
				81EA23AA16E062FE009A34EE /* Default@2x.png */,
				81EA23A716E062F1009A34EE /* Default-568h@2x.png */,
				81BB527E14943D9B0023BDF3 /* result-box-dark-inner-glow.png */,
				8111EBBB16DDC75B00A3BC9B /* SettingsGearTab.png */,
				8111EBBC16DDC75B00A3BC9B /* SettingsGearTab@2x.png */,
				81D4DAC61468BC9300BA965E /* FirstTimeSettingsMessage.png */,
				81D4DACF1468BC9300BA965E /* quickpace gold button down.png */,
				81D4DAD01468BC9300BA965E /* quickpace gold button up.png */,
			);
			name = QuickpaceImages;
			path = Quickpace/QuickpaceImages;
			sourceTree = "<group>";
		};
/* End PBXGroup section */

/* Begin PBXNativeTarget section */
		81D4DA741468B72A00BA965E /* Quickpace */ = {
			isa = PBXNativeTarget;
			buildConfigurationList = 81D4DAB41468B72A00BA965E /* Build configuration list for PBXNativeTarget "Quickpace" */;
			buildPhases = (
				81D4DA711468B72A00BA965E /* Sources */,
				81D4DA721468B72A00BA965E /* Frameworks */,
				81D4DA731468B72A00BA965E /* Resources */,
			);
			buildRules = (
			);
			dependencies = (
			);
			name = Quickpace;
			productName = Quickpace;
			productReference = 81D4DA751468B72A00BA965E /* QuickpacePro.app */;
			productType = "com.apple.product-type.application";
		};
		81D4DAA01468B72A00BA965E /* QuickpaceTests */ = {
			isa = PBXNativeTarget;
			buildConfigurationList = 81D4DAB71468B72A00BA965E /* Build configuration list for PBXNativeTarget "QuickpaceTests" */;
			buildPhases = (
				81D4DA9C1468B72A00BA965E /* Sources */,
				81D4DA9D1468B72A00BA965E /* Frameworks */,
				81D4DA9E1468B72A00BA965E /* Resources */,
				81D4DA9F1468B72A00BA965E /* ShellScript */,
			);
			buildRules = (
			);
			dependencies = (
				81D4DAA81468B72A00BA965E /* PBXTargetDependency */,
			);
			name = QuickpaceTests;
			productName = QuickpaceTests;
			productReference = 81D4DAA11468B72A00BA965E /* QuickpaceTests.octest */;
			productType = "com.apple.product-type.bundle";
		};
/* End PBXNativeTarget section */

/* Begin PBXProject section */
		81D4DA6C1468B72A00BA965E /* Project object */ = {
			isa = PBXProject;
			attributes = {
				LastUpgradeCheck = 0450;
			};
			buildConfigurationList = 81D4DA6F1468B72A00BA965E /* Build configuration list for PBXProject "QuickpacePro" */;
			compatibilityVersion = "Xcode 3.2";
			developmentRegion = English;
			hasScannedForEncodings = 0;
			knownRegions = (
				en,
			);
			mainGroup = 81D4DA6A1468B72A00BA965E;
			productRefGroup = 81D4DA761468B72A00BA965E /* Products */;
			projectDirPath = "";
			projectRoot = "";
			targets = (
				81D4DA741468B72A00BA965E /* Quickpace */,
				81D4DAA01468B72A00BA965E /* QuickpaceTests */,
			);
		};
/* End PBXProject section */

/* Begin PBXResourcesBuildPhase section */
		81D4DA731468B72A00BA965E /* Resources */ = {
			isa = PBXResourcesBuildPhase;
			buildActionMask = 2147483647;
			files = (
				81D4DA861468B72A00BA965E /* InfoPlist.strings in Resources */,
				81D4DA981468B72A00BA965E /* MainViewController.xib in Resources */,
				81D4DAD51468BC9300BA965E /* FirstTimeSettingsMessage.png in Resources */,
				81D4DADE1468BC9300BA965E /* quickpace gold button down.png in Resources */,
				81D4DADF1468BC9300BA965E /* quickpace gold button up.png in Resources */,
				815936EC1468D27100D74860 /* Settings.bundle in Resources */,
				8188C41E1487E5B4008E6A30 /* HistoryViewController.xib in Resources */,
				816B9692148D64910021D539 /* RunDetailViewController.xib in Resources */,
				81BB527F14943D9B0023BDF3 /* result-box-dark-inner-glow.png in Resources */,
				8172887C1675A36B0018C07C /* iRate.bundle in Resources */,
				8111EBB416DDB12D00A3BC9B /* SettingsViewController.xib in Resources */,
				8111EBBD16DDC75B00A3BC9B /* SettingsGearTab.png in Resources */,
				8111EBBE16DDC75B00A3BC9B /* SettingsGearTab@2x.png in Resources */,
				81EA23A816E062F1009A34EE /* Default-568h@2x.png in Resources */,
				81EA23AB16E062FE009A34EE /* Default.png in Resources */,
				81EA23AC16E062FE009A34EE /* Default@2x.png in Resources */,
				81EA23B516E06332009A34EE /* Icon-72.png in Resources */,
				81EA23B616E06332009A34EE /* Icon-72@2x.png in Resources */,
				81EA23B716E06332009A34EE /* Icon-Small-50.png in Resources */,
				81EA23B816E06332009A34EE /* Icon-Small-50@2x.png in Resources */,
				81EA23B916E06332009A34EE /* Icon-Small.png in Resources */,
				81EA23BA16E06332009A34EE /* Icon-Small@2x.png in Resources */,
				81EA23BB16E06332009A34EE /* Icon.png in Resources */,
				81EA23BC16E06332009A34EE /* Icon@2x.png in Resources */,
				81EA23BF16E06362009A34EE /* Calculator-icon.png in Resources */,
				81EA23C016E06362009A34EE /* Calculator-icon@2x.png in Resources */,
				81EA23C316E06386009A34EE /* qp-name.png in Resources */,
				81EA23C416E06386009A34EE /* qp-pro-main-bg.png in Resources */,
				81EA23C816E063A4009A34EE /* share-icon-glowing.png in Resources */,
				81EA23C916E063A4009A34EE /* share-icon.png in Resources */,
				81EA23CA16E063A4009A34EE /* Treadmill-flip-1136.png in Resources */,
			);
			runOnlyForDeploymentPostprocessing = 0;
		};
		81D4DA9E1468B72A00BA965E /* Resources */ = {
			isa = PBXResourcesBuildPhase;
			buildActionMask = 2147483647;
			files = (
				81D4DAAE1468B72A00BA965E /* InfoPlist.strings in Resources */,
				8188C41F1487E5B4008E6A30 /* HistoryViewController.xib in Resources */,
				816B9693148D64910021D539 /* RunDetailViewController.xib in Resources */,
			);
			runOnlyForDeploymentPostprocessing = 0;
		};
/* End PBXResourcesBuildPhase section */

/* Begin PBXShellScriptBuildPhase section */
		81D4DA9F1468B72A00BA965E /* ShellScript */ = {
			isa = PBXShellScriptBuildPhase;
			buildActionMask = 2147483647;
			files = (
			);
			inputPaths = (
			);
			outputPaths = (
			);
			runOnlyForDeploymentPostprocessing = 0;
			shellPath = /bin/sh;
			shellScript = "# Run the unit tests in this test bundle.\n\"${SYSTEM_DEVELOPER_DIR}/Tools/RunUnitTests\"\n";
		};
/* End PBXShellScriptBuildPhase section */

/* Begin PBXSourcesBuildPhase section */
		81D4DA711468B72A00BA965E /* Sources */ = {
			isa = PBXSourcesBuildPhase;
			buildActionMask = 2147483647;
			files = (
				81D4DA881468B72A00BA965E /* main.m in Sources */,
				81D4DA8C1468B72A00BA965E /* AppDelegate.m in Sources */,
				81D4DA8F1468B72A00BA965E /* Quickpace.xcdatamodeld in Sources */,
				81D4DA921468B72A00BA965E /* MainViewController.m in Sources */,
				81D4DAEA1468BFB800BA965E /* EffectsManager.m in Sources */,
				81D4DAEB1468BFB800BA965E /* RunStatsCalculator.m in Sources */,
				81D4DAEC1468BFB800BA965E /* SettingsManager.m in Sources */,
				81D4DAED1468BFB800BA965E /* UnitConverter.m in Sources */,
				8188C41C1487E5B4008E6A30 /* HistoryViewController.m in Sources */,
				8188C44C14896D6E008E6A30 /* Run.m in Sources */,
				816B9690148D64910021D539 /* RunDetailViewController.m in Sources */,
				8172887D1675A36B0018C07C /* iRate.m in Sources */,
				8111EBB316DDB12D00A3BC9B /* SettingsViewController.m in Sources */,
				81D81C5716E1AD6600F76FBA /* ShareText.m in Sources */,
			);
			runOnlyForDeploymentPostprocessing = 0;
		};
		81D4DA9C1468B72A00BA965E /* Sources */ = {
			isa = PBXSourcesBuildPhase;
			buildActionMask = 2147483647;
			files = (
				8111EBB616DDB14800A3BC9B /* SettingsViewController.m in Sources */,
				816B9685148AD4370021D539 /* Quickpace.xcdatamodeld in Sources */,
				81D4DAEE1468BFD600BA965E /* EffectsManager.m in Sources */,
				81D4DAEF1468BFD600BA965E /* RunStatsCalculator.m in Sources */,
				81D4DAF01468BFD600BA965E /* SettingsManager.m in Sources */,
				81D4DAF11468BFD600BA965E /* UnitConverter.m in Sources */,
				81D4DAF21468BFD600BA965E /* AppDelegate.m in Sources */,
				81D4DAF31468BFD600BA965E /* MainViewController.m in Sources */,
				81D4DAB11468B72A00BA965E /* QuickpaceTests.m in Sources */,
				8188C41D1487E5B4008E6A30 /* HistoryViewController.m in Sources */,
				8188C44D14896D6E008E6A30 /* Run.m in Sources */,
				816B9691148D64910021D539 /* RunDetailViewController.m in Sources */,
				81D81C5816E1AD6600F76FBA /* ShareText.m in Sources */,
			);
			runOnlyForDeploymentPostprocessing = 0;
		};
/* End PBXSourcesBuildPhase section */

/* Begin PBXTargetDependency section */
		81D4DAA81468B72A00BA965E /* PBXTargetDependency */ = {
			isa = PBXTargetDependency;
			target = 81D4DA741468B72A00BA965E /* Quickpace */;
			targetProxy = 81D4DAA71468B72A00BA965E /* PBXContainerItemProxy */;
		};
/* End PBXTargetDependency section */

/* Begin PBXVariantGroup section */
		81D4DA841468B72A00BA965E /* InfoPlist.strings */ = {
			isa = PBXVariantGroup;
			children = (
				81D4DA851468B72A00BA965E /* en */,
			);
			name = InfoPlist.strings;
			sourceTree = "<group>";
		};
		81D4DA961468B72A00BA965E /* MainViewController.xib */ = {
			isa = PBXVariantGroup;
			children = (
				81D4DA971468B72A00BA965E /* en */,
			);
			name = MainViewController.xib;
			sourceTree = "<group>";
		};
		81D4DAAC1468B72A00BA965E /* InfoPlist.strings */ = {
			isa = PBXVariantGroup;
			children = (
				81D4DAAD1468B72A00BA965E /* en */,
			);
			name = InfoPlist.strings;
			sourceTree = "<group>";
		};
/* End PBXVariantGroup section */

/* Begin XCBuildConfiguration section */
		81D2796614699EAF0024D13A /* Distribution */ = {
			isa = XCBuildConfiguration;
			buildSettings = {
				ALWAYS_SEARCH_USER_PATHS = NO;
				ARCHS = "$(ARCHS_STANDARD_32_BIT)";
				CLANG_ENABLE_OBJC_ARC = YES;
				CODE_SIGN_IDENTITY = "iPhone Developer: Jonathan Kaufman (U623T6R5G2)";
				"CODE_SIGN_IDENTITY[sdk=iphoneos*]" = "iPhone Distribution";
				COPY_PHASE_STRIP = YES;
				GCC_C_LANGUAGE_STANDARD = gnu99;
				GCC_VERSION = com.apple.compilers.llvm.clang.1_0;
				GCC_WARN_ABOUT_MISSING_PROTOTYPES = YES;
				GCC_WARN_ABOUT_RETURN_TYPE = YES;
				GCC_WARN_UNUSED_VARIABLE = YES;
				IPHONEOS_DEPLOYMENT_TARGET = 4.3;
				OTHER_CFLAGS = "-DNS_BLOCK_ASSERTIONS=1";
				PROVISIONING_PROFILE = "BA60CB2B-3851-45BA-B3C9-C965D2FD0E95";
				"PROVISIONING_PROFILE[sdk=iphoneos*]" = "";
				SDKROOT = iphoneos;
				VALIDATE_PRODUCT = YES;
			};
			name = Distribution;
		};
		81D2796714699EAF0024D13A /* Distribution */ = {
			isa = XCBuildConfiguration;
			buildSettings = {
				ARCHS = "$(ARCHS_STANDARD_32_BIT)";
				CODE_SIGN_IDENTITY = "iPhone Distribution: Jonathan Kaufman";
				GCC_PRECOMPILE_PREFIX_HEADER = YES;
				GCC_PREFIX_HEADER = "Quickpace/Quickpace-Prefix.pch";
				INFOPLIST_FILE = "Quickpace/Quickpace-Info.plist";
				IPHONEOS_DEPLOYMENT_TARGET = 4.3;
				LIBRARY_SEARCH_PATHS = (
					"$(inherited)",
					"\"$(SRCROOT)/Quickpace/Flurry\"",
				);
				PRODUCT_NAME = QuickpacePro;
				PROVISIONING_PROFILE = "D81B1532-82F7-4BAD-BDCF-DFC5B635E79B";
				SKIP_INSTALL = NO;
				VALID_ARCHS = "armv7 armv7s";
				WRAPPER_EXTENSION = app;
			};
			name = Distribution;
		};
		81D2796814699EAF0024D13A /* Distribution */ = {
			isa = XCBuildConfiguration;
			buildSettings = {
				BUNDLE_LOADER = "$(BUILT_PRODUCTS_DIR)/QuickpacePro.app/QuickpacePro";
				FRAMEWORK_SEARCH_PATHS = (
					"$(SDKROOT)/Developer/Library/Frameworks",
					"$(DEVELOPER_LIBRARY_DIR)/Frameworks",
				);
				GCC_GENERATE_TEST_COVERAGE_FILES = YES;
				GCC_INSTRUMENT_PROGRAM_FLOW_ARCS = YES;
				GCC_PRECOMPILE_PREFIX_HEADER = YES;
				GCC_PREFIX_HEADER = "Quickpace/Quickpace-Prefix.pch";
				INFOPLIST_FILE = "QuickpaceTests/QuickpaceTests-Info.plist";
				LIBRARY_SEARCH_PATHS = (
					"$(inherited)",
					"\"$(DEVELOPER_DIR)/usr/lib\"",
				);
				OTHER_LDFLAGS = "";
				PRODUCT_NAME = "$(TARGET_NAME)";
				TEST_HOST = "$(BUNDLE_LOADER)";
				WRAPPER_EXTENSION = octest;
			};
			name = Distribution;
		};
		81D4DAB21468B72A00BA965E /* Debug */ = {
			isa = XCBuildConfiguration;
			buildSettings = {
				ALWAYS_SEARCH_USER_PATHS = NO;
				ARCHS = "$(ARCHS_STANDARD_32_BIT)";
				CLANG_ENABLE_OBJC_ARC = YES;
				CODE_SIGN_IDENTITY = "iPhone Developer: Jonathan Kaufman (U623T6R5G2)";
				"CODE_SIGN_IDENTITY[sdk=iphoneos*]" = "iPhone Developer";
				COPY_PHASE_STRIP = NO;
				GCC_C_LANGUAGE_STANDARD = gnu99;
				GCC_DYNAMIC_NO_PIC = NO;
				GCC_OPTIMIZATION_LEVEL = 0;
				GCC_PREPROCESSOR_DEFINITIONS = (
					"DEBUG=1",
					"$(inherited)",
				);
				GCC_SYMBOLS_PRIVATE_EXTERN = NO;
				GCC_VERSION = com.apple.compilers.llvm.clang.1_0;
				GCC_WARN_ABOUT_MISSING_PROTOTYPES = YES;
				GCC_WARN_ABOUT_RETURN_TYPE = YES;
				GCC_WARN_UNUSED_VARIABLE = YES;
				IPHONEOS_DEPLOYMENT_TARGET = 4.3;
				PROVISIONING_PROFILE = "BA60CB2B-3851-45BA-B3C9-C965D2FD0E95";
				"PROVISIONING_PROFILE[sdk=iphoneos*]" = "";
				SDKROOT = iphoneos;
			};
			name = Debug;
		};
		81D4DAB31468B72A00BA965E /* Release */ = {
			isa = XCBuildConfiguration;
			buildSettings = {
				ALWAYS_SEARCH_USER_PATHS = NO;
				ARCHS = "$(ARCHS_STANDARD_32_BIT)";
				CLANG_ENABLE_OBJC_ARC = YES;
				CODE_SIGN_IDENTITY = "iPhone Developer: Jonathan Kaufman (U623T6R5G2)";
				"CODE_SIGN_IDENTITY[sdk=iphoneos*]" = "iPhone Distribution";
				COPY_PHASE_STRIP = YES;
				GCC_C_LANGUAGE_STANDARD = gnu99;
				GCC_VERSION = com.apple.compilers.llvm.clang.1_0;
				GCC_WARN_ABOUT_MISSING_PROTOTYPES = YES;
				GCC_WARN_ABOUT_RETURN_TYPE = YES;
				GCC_WARN_UNUSED_VARIABLE = YES;
				IPHONEOS_DEPLOYMENT_TARGET = 4.3;
				OTHER_CFLAGS = "-DNS_BLOCK_ASSERTIONS=1";
				PROVISIONING_PROFILE = "BA60CB2B-3851-45BA-B3C9-C965D2FD0E95";
				"PROVISIONING_PROFILE[sdk=iphoneos*]" = "";
				SDKROOT = iphoneos;
				VALIDATE_PRODUCT = YES;
			};
			name = Release;
		};
		81D4DAB51468B72A00BA965E /* Debug */ = {
			isa = XCBuildConfiguration;
			buildSettings = {
				ARCHS = "$(ARCHS_STANDARD_32_BIT)";
				CODE_SIGN_IDENTITY = "iPhone Developer";
				GCC_PRECOMPILE_PREFIX_HEADER = YES;
				GCC_PREFIX_HEADER = "Quickpace/Quickpace-Prefix.pch";
				INFOPLIST_FILE = "Quickpace/Quickpace-Info.plist";
				IPHONEOS_DEPLOYMENT_TARGET = 4.3;
				LIBRARY_SEARCH_PATHS = (
					"$(inherited)",
					"\"$(SRCROOT)/Quickpace/Flurry\"",
				);
				PRODUCT_NAME = QuickpacePro;
				PROVISIONING_PROFILE = "";
				VALID_ARCHS = "armv7 armv7s";
				WRAPPER_EXTENSION = app;
			};
			name = Debug;
		};
		81D4DAB61468B72A00BA965E /* Release */ = {
			isa = XCBuildConfiguration;
			buildSettings = {
				ARCHS = "$(ARCHS_STANDARD_32_BIT)";
				CODE_SIGN_IDENTITY = "iPhone Distribution: Jonathan Kaufman";
				GCC_PRECOMPILE_PREFIX_HEADER = YES;
				GCC_PREFIX_HEADER = "Quickpace/Quickpace-Prefix.pch";
				INFOPLIST_FILE = "Quickpace/Quickpace-Info.plist";
				IPHONEOS_DEPLOYMENT_TARGET = 4.3;
				LIBRARY_SEARCH_PATHS = (
					"$(inherited)",
					"\"$(SRCROOT)/Quickpace/Flurry\"",
				);
				PRODUCT_NAME = QuickpacePro;
				PROVISIONING_PROFILE = "D81B1532-82F7-4BAD-BDCF-DFC5B635E79B";
				VALID_ARCHS = "armv7 armv7s";
				WRAPPER_EXTENSION = app;
			};
			name = Release;
		};
		81D4DAB81468B72A00BA965E /* Debug */ = {
			isa = XCBuildConfiguration;
			buildSettings = {
				BUNDLE_LOADER = "$(BUILT_PRODUCTS_DIR)/QuickpacePro.app/QuickpacePro";
				FRAMEWORK_SEARCH_PATHS = (
					"$(SDKROOT)/Developer/Library/Frameworks",
					"$(DEVELOPER_LIBRARY_DIR)/Frameworks",
				);
				GCC_GENERATE_TEST_COVERAGE_FILES = YES;
				GCC_INSTRUMENT_PROGRAM_FLOW_ARCS = YES;
				GCC_PRECOMPILE_PREFIX_HEADER = YES;
				GCC_PREFIX_HEADER = "Quickpace/Quickpace-Prefix.pch";
				INFOPLIST_FILE = "QuickpaceTests/QuickpaceTests-Info.plist";
				LIBRARY_SEARCH_PATHS = (
					"$(inherited)",
					"\"$(DEVELOPER_DIR)/usr/lib\"",
				);
				OTHER_LDFLAGS = "";
				PRODUCT_NAME = "$(TARGET_NAME)";
				TEST_HOST = "$(BUNDLE_LOADER)";
				WRAPPER_EXTENSION = octest;
			};
			name = Debug;
		};
		81D4DAB91468B72A00BA965E /* Release */ = {
			isa = XCBuildConfiguration;
			buildSettings = {
				BUNDLE_LOADER = "$(BUILT_PRODUCTS_DIR)/QuickpacePro.app/QuickpacePro";
				FRAMEWORK_SEARCH_PATHS = (
					"$(SDKROOT)/Developer/Library/Frameworks",
					"$(DEVELOPER_LIBRARY_DIR)/Frameworks",
				);
				GCC_GENERATE_TEST_COVERAGE_FILES = YES;
				GCC_INSTRUMENT_PROGRAM_FLOW_ARCS = YES;
				GCC_PRECOMPILE_PREFIX_HEADER = YES;
				GCC_PREFIX_HEADER = "Quickpace/Quickpace-Prefix.pch";
				INFOPLIST_FILE = "QuickpaceTests/QuickpaceTests-Info.plist";
				LIBRARY_SEARCH_PATHS = (
					"$(inherited)",
					"\"$(DEVELOPER_DIR)/usr/lib\"",
				);
				OTHER_CFLAGS = (
					"-DNS_BLOCK_ASSERTIONS=1",
					"-ftest-coverage",
					"-fprofile-arcs",
				);
				OTHER_LDFLAGS = "";
				PRODUCT_NAME = "$(TARGET_NAME)";
				TEST_HOST = "$(BUNDLE_LOADER)";
				WRAPPER_EXTENSION = octest;
			};
			name = Release;
		};
/* End XCBuildConfiguration section */

/* Begin XCConfigurationList section */
		81D4DA6F1468B72A00BA965E /* Build configuration list for PBXProject "QuickpacePro" */ = {
			isa = XCConfigurationList;
			buildConfigurations = (
				81D4DAB21468B72A00BA965E /* Debug */,
				81D4DAB31468B72A00BA965E /* Release */,
				81D2796614699EAF0024D13A /* Distribution */,
			);
			defaultConfigurationIsVisible = 0;
			defaultConfigurationName = Release;
		};
		81D4DAB41468B72A00BA965E /* Build configuration list for PBXNativeTarget "Quickpace" */ = {
			isa = XCConfigurationList;
			buildConfigurations = (
				81D4DAB51468B72A00BA965E /* Debug */,
				81D4DAB61468B72A00BA965E /* Release */,
				81D2796714699EAF0024D13A /* Distribution */,
			);
			defaultConfigurationIsVisible = 0;
			defaultConfigurationName = Release;
		};
		81D4DAB71468B72A00BA965E /* Build configuration list for PBXNativeTarget "QuickpaceTests" */ = {
			isa = XCConfigurationList;
			buildConfigurations = (
				81D4DAB81468B72A00BA965E /* Debug */,
				81D4DAB91468B72A00BA965E /* Release */,
				81D2796814699EAF0024D13A /* Distribution */,
			);
			defaultConfigurationIsVisible = 0;
			defaultConfigurationName = Release;
		};
/* End XCConfigurationList section */

/* Begin XCVersionGroup section */
		81D4DA8D1468B72A00BA965E /* Quickpace.xcdatamodeld */ = {
			isa = XCVersionGroup;
			children = (
				8115E45E16880EF10014E756 /* Quickpace 2.xcdatamodel */,
				81D4DA8E1468B72A00BA965E /* Quickpace.xcdatamodel */,
			);
			currentVersion = 8115E45E16880EF10014E756 /* Quickpace 2.xcdatamodel */;
			path = Quickpace.xcdatamodeld;
			sourceTree = "<group>";
			versionGroupType = wrapper.xcdatamodel;
		};
/* End XCVersionGroup section */
	};
	rootObject = 81D4DA6C1468B72A00BA965E /* Project object */;
}
